// !$*UTF8*$!
{
	archiveVersion = 1;
	classes = {
	};
	objectVersion = 56;
	objects = {

/* Begin PBXBuildFile section */
		E9138C9C29A79A740047026E /* ClassifiedAdAdapter.swift in Sources */ = {isa = PBXBuildFile; fileRef = E9138C9B29A79A740047026E /* ClassifiedAdAdapter.swift */; };
		E9138C9E29A79A8A0047026E /* ClassifiedAdDTO.swift in Sources */ = {isa = PBXBuildFile; fileRef = E9138C9D29A79A8A0047026E /* ClassifiedAdDTO.swift */; };
		E9138CA029A7A28F0047026E /* ClassifiedAdsRepository.swift in Sources */ = {isa = PBXBuildFile; fileRef = E9138C9F29A7A28F0047026E /* ClassifiedAdsRepository.swift */; };
		E9138CA229A7AA1B0047026E /* AdCell.xib in Resources */ = {isa = PBXBuildFile; fileRef = E9138CA129A7AA1B0047026E /* AdCell.xib */; };
		E9138CA529A7DA220047026E /* Localizable.strings in Resources */ = {isa = PBXBuildFile; fileRef = E9138CA429A7DA220047026E /* Localizable.strings */; };
		E9138CA829A7DC1C0047026E /* DetailViewController.swift in Sources */ = {isa = PBXBuildFile; fileRef = E9138CA729A7DC1C0047026E /* DetailViewController.swift */; };
		E9138CAA29A7DC240047026E /* DetailViewModel.swift in Sources */ = {isa = PBXBuildFile; fileRef = E9138CA929A7DC240047026E /* DetailViewModel.swift */; };
		E9138CAC29A888F50047026E /* ImageCacheManager.swift in Sources */ = {isa = PBXBuildFile; fileRef = E9138CAB29A888F50047026E /* ImageCacheManager.swift */; };
		E95D0B25299FD278001C31F4 /* AppDelegate.swift in Sources */ = {isa = PBXBuildFile; fileRef = E95D0B24299FD278001C31F4 /* AppDelegate.swift */; };
		E95D0B27299FD278001C31F4 /* SceneDelegate.swift in Sources */ = {isa = PBXBuildFile; fileRef = E95D0B26299FD278001C31F4 /* SceneDelegate.swift */; };
		E95D0B29299FD278001C31F4 /* HomeViewController.swift in Sources */ = {isa = PBXBuildFile; fileRef = E95D0B28299FD278001C31F4 /* HomeViewController.swift */; };
		E95D0B2E299FD279001C31F4 /* Assets.xcassets in Resources */ = {isa = PBXBuildFile; fileRef = E95D0B2D299FD279001C31F4 /* Assets.xcassets */; };
		E95D0B31299FD279001C31F4 /* LaunchScreen.storyboard in Resources */ = {isa = PBXBuildFile; fileRef = E95D0B2F299FD279001C31F4 /* LaunchScreen.storyboard */; };
		E95D0B3C299FD27A001C31F4 /* LeBonCoinTests.swift in Sources */ = {isa = PBXBuildFile; fileRef = E95D0B3B299FD27A001C31F4 /* LeBonCoinTests.swift */; };
		E95D0B46299FD27A001C31F4 /* LeBonCoinUITests.swift in Sources */ = {isa = PBXBuildFile; fileRef = E95D0B45299FD27A001C31F4 /* LeBonCoinUITests.swift */; };
		E95D0B48299FD27A001C31F4 /* LeBonCoinUITestsLaunchTests.swift in Sources */ = {isa = PBXBuildFile; fileRef = E95D0B47299FD27A001C31F4 /* LeBonCoinUITestsLaunchTests.swift */; };
		E95D0B57299FD7CE001C31F4 /* HomeViewModel.swift in Sources */ = {isa = PBXBuildFile; fileRef = E95D0B56299FD7CE001C31F4 /* HomeViewModel.swift */; };
		E95D0B5A299FD8C7001C31F4 /* UIView+Extension.swift in Sources */ = {isa = PBXBuildFile; fileRef = E95D0B59299FD8C7001C31F4 /* UIView+Extension.swift */; };
		E95D0B5D29A01CE2001C31F4 /* ClassifiedAd.swift in Sources */ = {isa = PBXBuildFile; fileRef = E95D0B5C29A01CE2001C31F4 /* ClassifiedAd.swift */; };
		E95D0B5F29A0B6D6001C31F4 /* Double+Extension.swift in Sources */ = {isa = PBXBuildFile; fileRef = E95D0B5E29A0B6D6001C31F4 /* Double+Extension.swift */; };
		E95D0B6729A0FE1B001C31F4 /* AdCell.swift in Sources */ = {isa = PBXBuildFile; fileRef = E95D0B6629A0FE1B001C31F4 /* AdCell.swift */; };
		E95D0B6A29A0FE45001C31F4 /* AdCellViewModel.swift in Sources */ = {isa = PBXBuildFile; fileRef = E95D0B6929A0FE45001C31F4 /* AdCellViewModel.swift */; };
		E95D0B6D29A0FE7E001C31F4 /* Networkr.swift in Sources */ = {isa = PBXBuildFile; fileRef = E95D0B6C29A0FE7E001C31F4 /* Networkr.swift */; };
		E95D0B6F29A1058C001C31F4 /* LBCEndpoint.swift in Sources */ = {isa = PBXBuildFile; fileRef = E95D0B6E29A1058C001C31F4 /* LBCEndpoint.swift */; };
		E982BB2429A8DADF004CC066 /* String+Extension.swift in Sources */ = {isa = PBXBuildFile; fileRef = E982BB2329A8DADF004CC066 /* String+Extension.swift */; };
		E982BB2629A8F9A1004CC066 /* Categorie.swift in Sources */ = {isa = PBXBuildFile; fileRef = E982BB2529A8F9A1004CC066 /* Categorie.swift */; };
		E982BB2829A8F9D2004CC066 /* CategoriesAdapter.swift in Sources */ = {isa = PBXBuildFile; fileRef = E982BB2729A8F9D2004CC066 /* CategoriesAdapter.swift */; };
		E982BB2A29A8FA00004CC066 /* CategorieDTO.swift in Sources */ = {isa = PBXBuildFile; fileRef = E982BB2929A8FA00004CC066 /* CategorieDTO.swift */; };
		E982BB2C29A8FD34004CC066 /* CategoriesRepository.swift in Sources */ = {isa = PBXBuildFile; fileRef = E982BB2B29A8FD34004CC066 /* CategoriesRepository.swift */; };
		E9A14B7529A73A5E008045CC /* MockAPI.json in Resources */ = {isa = PBXBuildFile; fileRef = E9A14B7429A73A5E008045CC /* MockAPI.json */; };
		E9A14B7629A73A5E008045CC /* MockAPI.json in Resources */ = {isa = PBXBuildFile; fileRef = E9A14B7429A73A5E008045CC /* MockAPI.json */; };
/* End PBXBuildFile section */

/* Begin PBXContainerItemProxy section */
		E95D0B38299FD27A001C31F4 /* PBXContainerItemProxy */ = {
			isa = PBXContainerItemProxy;
			containerPortal = E95D0B19299FD278001C31F4 /* Project object */;
			proxyType = 1;
			remoteGlobalIDString = E95D0B20299FD278001C31F4;
			remoteInfo = LeBonCoin;
		};
		E95D0B42299FD27A001C31F4 /* PBXContainerItemProxy */ = {
			isa = PBXContainerItemProxy;
			containerPortal = E95D0B19299FD278001C31F4 /* Project object */;
			proxyType = 1;
			remoteGlobalIDString = E95D0B20299FD278001C31F4;
			remoteInfo = LeBonCoin;
		};
/* End PBXContainerItemProxy section */

/* Begin PBXFileReference section */
		E9138C9B29A79A740047026E /* ClassifiedAdAdapter.swift */ = {isa = PBXFileReference; lastKnownFileType = sourcecode.swift; path = ClassifiedAdAdapter.swift; sourceTree = "<group>"; };
		E9138C9D29A79A8A0047026E /* ClassifiedAdDTO.swift */ = {isa = PBXFileReference; lastKnownFileType = sourcecode.swift; path = ClassifiedAdDTO.swift; sourceTree = "<group>"; };
		E9138C9F29A7A28F0047026E /* ClassifiedAdsRepository.swift */ = {isa = PBXFileReference; lastKnownFileType = sourcecode.swift; path = ClassifiedAdsRepository.swift; sourceTree = "<group>"; };
		E9138CA129A7AA1B0047026E /* AdCell.xib */ = {isa = PBXFileReference; lastKnownFileType = file.xib; path = AdCell.xib; sourceTree = "<group>"; };
		E9138CA329A7D9F20047026E /* fr */ = {isa = PBXFileReference; lastKnownFileType = text.plist.strings; name = fr; path = fr.lproj/LaunchScreen.strings; sourceTree = "<group>"; };
		E9138CA429A7DA220047026E /* Localizable.strings */ = {isa = PBXFileReference; lastKnownFileType = text.plist.strings; path = Localizable.strings; sourceTree = "<group>"; };
		E9138CA729A7DC1C0047026E /* DetailViewController.swift */ = {isa = PBXFileReference; lastKnownFileType = sourcecode.swift; path = DetailViewController.swift; sourceTree = "<group>"; };
		E9138CA929A7DC240047026E /* DetailViewModel.swift */ = {isa = PBXFileReference; lastKnownFileType = sourcecode.swift; path = DetailViewModel.swift; sourceTree = "<group>"; };
		E9138CAB29A888F50047026E /* ImageCacheManager.swift */ = {isa = PBXFileReference; lastKnownFileType = sourcecode.swift; path = ImageCacheManager.swift; sourceTree = "<group>"; };
		E95D0B21299FD278001C31F4 /* LeBonCoin.app */ = {isa = PBXFileReference; explicitFileType = wrapper.application; includeInIndex = 0; path = LeBonCoin.app; sourceTree = BUILT_PRODUCTS_DIR; };
		E95D0B24299FD278001C31F4 /* AppDelegate.swift */ = {isa = PBXFileReference; lastKnownFileType = sourcecode.swift; path = AppDelegate.swift; sourceTree = "<group>"; };
		E95D0B26299FD278001C31F4 /* SceneDelegate.swift */ = {isa = PBXFileReference; lastKnownFileType = sourcecode.swift; path = SceneDelegate.swift; sourceTree = "<group>"; };
		E95D0B28299FD278001C31F4 /* HomeViewController.swift */ = {isa = PBXFileReference; lastKnownFileType = sourcecode.swift; path = HomeViewController.swift; sourceTree = "<group>"; };
		E95D0B2D299FD279001C31F4 /* Assets.xcassets */ = {isa = PBXFileReference; lastKnownFileType = folder.assetcatalog; path = Assets.xcassets; sourceTree = "<group>"; };
		E95D0B30299FD279001C31F4 /* Base */ = {isa = PBXFileReference; lastKnownFileType = file.storyboard; name = Base; path = Base.lproj/LaunchScreen.storyboard; sourceTree = "<group>"; };
		E95D0B32299FD279001C31F4 /* Info.plist */ = {isa = PBXFileReference; lastKnownFileType = text.plist.xml; path = Info.plist; sourceTree = "<group>"; };
		E95D0B37299FD27A001C31F4 /* LeBonCoinTests.xctest */ = {isa = PBXFileReference; explicitFileType = wrapper.cfbundle; includeInIndex = 0; path = LeBonCoinTests.xctest; sourceTree = BUILT_PRODUCTS_DIR; };
		E95D0B3B299FD27A001C31F4 /* LeBonCoinTests.swift */ = {isa = PBXFileReference; lastKnownFileType = sourcecode.swift; path = LeBonCoinTests.swift; sourceTree = "<group>"; };
		E95D0B41299FD27A001C31F4 /* LeBonCoinUITests.xctest */ = {isa = PBXFileReference; explicitFileType = wrapper.cfbundle; includeInIndex = 0; path = LeBonCoinUITests.xctest; sourceTree = BUILT_PRODUCTS_DIR; };
		E95D0B45299FD27A001C31F4 /* LeBonCoinUITests.swift */ = {isa = PBXFileReference; lastKnownFileType = sourcecode.swift; path = LeBonCoinUITests.swift; sourceTree = "<group>"; };
		E95D0B47299FD27A001C31F4 /* LeBonCoinUITestsLaunchTests.swift */ = {isa = PBXFileReference; lastKnownFileType = sourcecode.swift; path = LeBonCoinUITestsLaunchTests.swift; sourceTree = "<group>"; };
		E95D0B56299FD7CE001C31F4 /* HomeViewModel.swift */ = {isa = PBXFileReference; lastKnownFileType = sourcecode.swift; path = HomeViewModel.swift; sourceTree = "<group>"; };
		E95D0B59299FD8C7001C31F4 /* UIView+Extension.swift */ = {isa = PBXFileReference; lastKnownFileType = sourcecode.swift; path = "UIView+Extension.swift"; sourceTree = "<group>"; };
		E95D0B5C29A01CE2001C31F4 /* ClassifiedAd.swift */ = {isa = PBXFileReference; lastKnownFileType = sourcecode.swift; path = ClassifiedAd.swift; sourceTree = "<group>"; };
		E95D0B5E29A0B6D6001C31F4 /* Double+Extension.swift */ = {isa = PBXFileReference; lastKnownFileType = sourcecode.swift; path = "Double+Extension.swift"; sourceTree = "<group>"; };
		E95D0B6629A0FE1B001C31F4 /* AdCell.swift */ = {isa = PBXFileReference; lastKnownFileType = sourcecode.swift; path = AdCell.swift; sourceTree = "<group>"; };
		E95D0B6929A0FE45001C31F4 /* AdCellViewModel.swift */ = {isa = PBXFileReference; lastKnownFileType = sourcecode.swift; path = AdCellViewModel.swift; sourceTree = "<group>"; };
		E95D0B6C29A0FE7E001C31F4 /* Networkr.swift */ = {isa = PBXFileReference; lastKnownFileType = sourcecode.swift; path = Networkr.swift; sourceTree = "<group>"; };
		E95D0B6E29A1058C001C31F4 /* LBCEndpoint.swift */ = {isa = PBXFileReference; lastKnownFileType = sourcecode.swift; path = LBCEndpoint.swift; sourceTree = "<group>"; };
		E982BB2329A8DADF004CC066 /* String+Extension.swift */ = {isa = PBXFileReference; lastKnownFileType = sourcecode.swift; path = "String+Extension.swift"; sourceTree = "<group>"; };
		E982BB2529A8F9A1004CC066 /* Categorie.swift */ = {isa = PBXFileReference; lastKnownFileType = sourcecode.swift; path = Categorie.swift; sourceTree = "<group>"; };
		E982BB2729A8F9D2004CC066 /* CategoriesAdapter.swift */ = {isa = PBXFileReference; lastKnownFileType = sourcecode.swift; path = CategoriesAdapter.swift; sourceTree = "<group>"; };
		E982BB2929A8FA00004CC066 /* CategorieDTO.swift */ = {isa = PBXFileReference; lastKnownFileType = sourcecode.swift; path = CategorieDTO.swift; sourceTree = "<group>"; };
		E982BB2B29A8FD34004CC066 /* CategoriesRepository.swift */ = {isa = PBXFileReference; lastKnownFileType = sourcecode.swift; path = CategoriesRepository.swift; sourceTree = "<group>"; };
		E9A14B7429A73A5E008045CC /* MockAPI.json */ = {isa = PBXFileReference; lastKnownFileType = text.json; path = MockAPI.json; sourceTree = "<group>"; };
/* End PBXFileReference section */

/* Begin PBXFrameworksBuildPhase section */
		E95D0B1E299FD278001C31F4 /* Frameworks */ = {
			isa = PBXFrameworksBuildPhase;
			buildActionMask = 2147483647;
			files = (
			);
			runOnlyForDeploymentPostprocessing = 0;
		};
		E95D0B34299FD27A001C31F4 /* Frameworks */ = {
			isa = PBXFrameworksBuildPhase;
			buildActionMask = 2147483647;
			files = (
			);
			runOnlyForDeploymentPostprocessing = 0;
		};
		E95D0B3E299FD27A001C31F4 /* Frameworks */ = {
			isa = PBXFrameworksBuildPhase;
			buildActionMask = 2147483647;
			files = (
			);
			runOnlyForDeploymentPostprocessing = 0;
		};
/* End PBXFrameworksBuildPhase section */

/* Begin PBXGroup section */
		E9138C9A29A79A600047026E /* Data */ = {
			isa = PBXGroup;
			children = (
				E9138C9B29A79A740047026E /* ClassifiedAdAdapter.swift */,
				E9138C9F29A7A28F0047026E /* ClassifiedAdsRepository.swift */,
				E9138CAB29A888F50047026E /* ImageCacheManager.swift */,
				E982BB2729A8F9D2004CC066 /* CategoriesAdapter.swift */,
				E982BB2B29A8FD34004CC066 /* CategoriesRepository.swift */,
			);
			path = Data;
			sourceTree = "<group>";
		};
		E9138CA629A7DB860047026E /* Detail */ = {
			isa = PBXGroup;
			children = (
				E9138CA729A7DC1C0047026E /* DetailViewController.swift */,
				E9138CA929A7DC240047026E /* DetailViewModel.swift */,
			);
			path = Detail;
			sourceTree = "<group>";
		};
		E95D0B18299FD278001C31F4 = {
			isa = PBXGroup;
			children = (
				E95D0B23299FD278001C31F4 /* LeBonCoin */,
				E95D0B3A299FD27A001C31F4 /* LeBonCoinTests */,
				E95D0B44299FD27A001C31F4 /* LeBonCoinUITests */,
				E95D0B22299FD278001C31F4 /* Products */,
			);
			sourceTree = "<group>";
		};
		E95D0B22299FD278001C31F4 /* Products */ = {
			isa = PBXGroup;
			children = (
				E95D0B21299FD278001C31F4 /* LeBonCoin.app */,
				E95D0B37299FD27A001C31F4 /* LeBonCoinTests.xctest */,
				E95D0B41299FD27A001C31F4 /* LeBonCoinUITests.xctest */,
			);
			name = Products;
			sourceTree = "<group>";
		};
		E95D0B23299FD278001C31F4 /* LeBonCoin */ = {
			isa = PBXGroup;
			children = (
				E9A14B7329A73A44008045CC /* Resource */,
				E9138C9A29A79A600047026E /* Data */,
				E95D0B6B29A0FE75001C31F4 /* Network */,
				E95D0B5B29A01CD4001C31F4 /* Model */,
				E95D0B58299FD8B7001C31F4 /* Extension */,
				E95D0B54299FD75F001C31F4 /* View */,
				E95D0B24299FD278001C31F4 /* AppDelegate.swift */,
				E95D0B26299FD278001C31F4 /* SceneDelegate.swift */,
				E95D0B2D299FD279001C31F4 /* Assets.xcassets */,
				E95D0B2F299FD279001C31F4 /* LaunchScreen.storyboard */,
				E95D0B32299FD279001C31F4 /* Info.plist */,
				E9138CA129A7AA1B0047026E /* AdCell.xib */,
			);
			path = LeBonCoin;
			sourceTree = "<group>";
		};
		E95D0B3A299FD27A001C31F4 /* LeBonCoinTests */ = {
			isa = PBXGroup;
			children = (
				E95D0B3B299FD27A001C31F4 /* LeBonCoinTests.swift */,
			);
			path = LeBonCoinTests;
			sourceTree = "<group>";
		};
		E95D0B44299FD27A001C31F4 /* LeBonCoinUITests */ = {
			isa = PBXGroup;
			children = (
				E95D0B45299FD27A001C31F4 /* LeBonCoinUITests.swift */,
				E95D0B47299FD27A001C31F4 /* LeBonCoinUITestsLaunchTests.swift */,
			);
			path = LeBonCoinUITests;
			sourceTree = "<group>";
		};
		E95D0B54299FD75F001C31F4 /* View */ = {
			isa = PBXGroup;
			children = (
				E9138CA629A7DB860047026E /* Detail */,
				E95D0B6529A0FE0F001C31F4 /* Home */,
			);
			path = View;
			sourceTree = "<group>";
		};
		E95D0B58299FD8B7001C31F4 /* Extension */ = {
			isa = PBXGroup;
			children = (
				E95D0B59299FD8C7001C31F4 /* UIView+Extension.swift */,
				E95D0B5E29A0B6D6001C31F4 /* Double+Extension.swift */,
				E982BB2329A8DADF004CC066 /* String+Extension.swift */,
			);
			path = Extension;
			sourceTree = "<group>";
		};
		E95D0B5B29A01CD4001C31F4 /* Model */ = {
			isa = PBXGroup;
			children = (
				E95D0B5C29A01CE2001C31F4 /* ClassifiedAd.swift */,
				E9138C9D29A79A8A0047026E /* ClassifiedAdDTO.swift */,
				E982BB2529A8F9A1004CC066 /* Categorie.swift */,
				E982BB2929A8FA00004CC066 /* CategorieDTO.swift */,
			);
			path = Model;
			sourceTree = "<group>";
		};
		E95D0B6529A0FE0F001C31F4 /* Home */ = {
			isa = PBXGroup;
			children = (
				E95D0B28299FD278001C31F4 /* HomeViewController.swift */,
				E95D0B56299FD7CE001C31F4 /* HomeViewModel.swift */,
				E95D0B6929A0FE45001C31F4 /* AdCellViewModel.swift */,
				E95D0B6629A0FE1B001C31F4 /* AdCell.swift */,
			);
			path = Home;
			sourceTree = "<group>";
		};
		E95D0B6B29A0FE75001C31F4 /* Network */ = {
			isa = PBXGroup;
			children = (
				E95D0B6C29A0FE7E001C31F4 /* Networkr.swift */,
				E95D0B6E29A1058C001C31F4 /* LBCEndpoint.swift */,
			);
			path = Network;
			sourceTree = "<group>";
		};
		E9A14B7329A73A44008045CC /* Resource */ = {
			isa = PBXGroup;
			children = (
				E9A14B7429A73A5E008045CC /* MockAPI.json */,
				E9138CA429A7DA220047026E /* Localizable.strings */,
			);
			path = Resource;
			sourceTree = "<group>";
		};
/* End PBXGroup section */

/* Begin PBXNativeTarget section */
		E95D0B20299FD278001C31F4 /* LeBonCoin */ = {
			isa = PBXNativeTarget;
			buildConfigurationList = E95D0B4B299FD27A001C31F4 /* Build configuration list for PBXNativeTarget "LeBonCoin" */;
			buildPhases = (
				E95D0B1D299FD278001C31F4 /* Sources */,
				E95D0B1E299FD278001C31F4 /* Frameworks */,
				E95D0B1F299FD278001C31F4 /* Resources */,
			);
			buildRules = (
			);
			dependencies = (
			);
			name = LeBonCoin;
			productName = LeBonCoin;
			productReference = E95D0B21299FD278001C31F4 /* LeBonCoin.app */;
			productType = "com.apple.product-type.application";
		};
		E95D0B36299FD27A001C31F4 /* LeBonCoinTests */ = {
			isa = PBXNativeTarget;
			buildConfigurationList = E95D0B4E299FD27A001C31F4 /* Build configuration list for PBXNativeTarget "LeBonCoinTests" */;
			buildPhases = (
				E95D0B33299FD27A001C31F4 /* Sources */,
				E95D0B34299FD27A001C31F4 /* Frameworks */,
				E95D0B35299FD27A001C31F4 /* Resources */,
			);
			buildRules = (
			);
			dependencies = (
				E95D0B39299FD27A001C31F4 /* PBXTargetDependency */,
			);
			name = LeBonCoinTests;
			productName = LeBonCoinTests;
			productReference = E95D0B37299FD27A001C31F4 /* LeBonCoinTests.xctest */;
			productType = "com.apple.product-type.bundle.unit-test";
		};
		E95D0B40299FD27A001C31F4 /* LeBonCoinUITests */ = {
			isa = PBXNativeTarget;
			buildConfigurationList = E95D0B51299FD27A001C31F4 /* Build configuration list for PBXNativeTarget "LeBonCoinUITests" */;
			buildPhases = (
				E95D0B3D299FD27A001C31F4 /* Sources */,
				E95D0B3E299FD27A001C31F4 /* Frameworks */,
				E95D0B3F299FD27A001C31F4 /* Resources */,
			);
			buildRules = (
			);
			dependencies = (
				E95D0B43299FD27A001C31F4 /* PBXTargetDependency */,
			);
			name = LeBonCoinUITests;
			productName = LeBonCoinUITests;
			productReference = E95D0B41299FD27A001C31F4 /* LeBonCoinUITests.xctest */;
			productType = "com.apple.product-type.bundle.ui-testing";
		};
/* End PBXNativeTarget section */

/* Begin PBXProject section */
		E95D0B19299FD278001C31F4 /* Project object */ = {
			isa = PBXProject;
			attributes = {
				BuildIndependentTargetsInParallel = 1;
				LastSwiftUpdateCheck = 1410;
				LastUpgradeCheck = 1410;
				TargetAttributes = {
					E95D0B20299FD278001C31F4 = {
						CreatedOnToolsVersion = 14.1;
					};
					E95D0B36299FD27A001C31F4 = {
						CreatedOnToolsVersion = 14.1;
						TestTargetID = E95D0B20299FD278001C31F4;
					};
					E95D0B40299FD27A001C31F4 = {
						CreatedOnToolsVersion = 14.1;
						TestTargetID = E95D0B20299FD278001C31F4;
					};
				};
			};
			buildConfigurationList = E95D0B1C299FD278001C31F4 /* Build configuration list for PBXProject "LeBonCoin" */;
			compatibilityVersion = "Xcode 14.0";
			developmentRegion = en;
			hasScannedForEncodings = 0;
			knownRegions = (
				en,
				Base,
				fr,
			);
			mainGroup = E95D0B18299FD278001C31F4;
			productRefGroup = E95D0B22299FD278001C31F4 /* Products */;
			projectDirPath = "";
			projectRoot = "";
			targets = (
				E95D0B20299FD278001C31F4 /* LeBonCoin */,
				E95D0B36299FD27A001C31F4 /* LeBonCoinTests */,
				E95D0B40299FD27A001C31F4 /* LeBonCoinUITests */,
			);
		};
/* End PBXProject section */

/* Begin PBXResourcesBuildPhase section */
		E95D0B1F299FD278001C31F4 /* Resources */ = {
			isa = PBXResourcesBuildPhase;
			buildActionMask = 2147483647;
			files = (
				E9138CA529A7DA220047026E /* Localizable.strings in Resources */,
				E9138CA229A7AA1B0047026E /* AdCell.xib in Resources */,
				E95D0B31299FD279001C31F4 /* LaunchScreen.storyboard in Resources */,
				E95D0B2E299FD279001C31F4 /* Assets.xcassets in Resources */,
				E9A14B7529A73A5E008045CC /* MockAPI.json in Resources */,
			);
			runOnlyForDeploymentPostprocessing = 0;
		};
		E95D0B35299FD27A001C31F4 /* Resources */ = {
			isa = PBXResourcesBuildPhase;
			buildActionMask = 2147483647;
			files = (
				E9A14B7629A73A5E008045CC /* MockAPI.json in Resources */,
			);
			runOnlyForDeploymentPostprocessing = 0;
		};
		E95D0B3F299FD27A001C31F4 /* Resources */ = {
			isa = PBXResourcesBuildPhase;
			buildActionMask = 2147483647;
			files = (
			);
			runOnlyForDeploymentPostprocessing = 0;
		};
/* End PBXResourcesBuildPhase section */

/* Begin PBXSourcesBuildPhase section */
		E95D0B1D299FD278001C31F4 /* Sources */ = {
			isa = PBXSourcesBuildPhase;
			buildActionMask = 2147483647;
			files = (
				E95D0B6729A0FE1B001C31F4 /* AdCell.swift in Sources */,
				E95D0B5D29A01CE2001C31F4 /* ClassifiedAd.swift in Sources */,
				E95D0B29299FD278001C31F4 /* HomeViewController.swift in Sources */,
				E95D0B5F29A0B6D6001C31F4 /* Double+Extension.swift in Sources */,
				E9138CAC29A888F50047026E /* ImageCacheManager.swift in Sources */,
				E9138C9E29A79A8A0047026E /* ClassifiedAdDTO.swift in Sources */,
				E95D0B6A29A0FE45001C31F4 /* AdCellViewModel.swift in Sources */,
				E95D0B6F29A1058C001C31F4 /* LBCEndpoint.swift in Sources */,
				E9138CA029A7A28F0047026E /* ClassifiedAdsRepository.swift in Sources */,
				E982BB2A29A8FA00004CC066 /* CategorieDTO.swift in Sources */,
				E982BB2629A8F9A1004CC066 /* Categorie.swift in Sources */,
				E95D0B6D29A0FE7E001C31F4 /* Networkr.swift in Sources */,
				E982BB2429A8DADF004CC066 /* String+Extension.swift in Sources */,
				E95D0B25299FD278001C31F4 /* AppDelegate.swift in Sources */,
				E95D0B27299FD278001C31F4 /* SceneDelegate.swift in Sources */,
				E9138C9C29A79A740047026E /* ClassifiedAdAdapter.swift in Sources */,
				E9138CA829A7DC1C0047026E /* DetailViewController.swift in Sources */,
				E95D0B57299FD7CE001C31F4 /* HomeViewModel.swift in Sources */,
				E982BB2829A8F9D2004CC066 /* CategoriesAdapter.swift in Sources */,
				E982BB2C29A8FD34004CC066 /* CategoriesRepository.swift in Sources */,
				E95D0B5A299FD8C7001C31F4 /* UIView+Extension.swift in Sources */,
				E9138CAA29A7DC240047026E /* DetailViewModel.swift in Sources */,
			);
			runOnlyForDeploymentPostprocessing = 0;
		};
		E95D0B33299FD27A001C31F4 /* Sources */ = {
			isa = PBXSourcesBuildPhase;
			buildActionMask = 2147483647;
			files = (
				E95D0B3C299FD27A001C31F4 /* LeBonCoinTests.swift in Sources */,
			);
			runOnlyForDeploymentPostprocessing = 0;
		};
		E95D0B3D299FD27A001C31F4 /* Sources */ = {
			isa = PBXSourcesBuildPhase;
			buildActionMask = 2147483647;
			files = (
				E95D0B48299FD27A001C31F4 /* LeBonCoinUITestsLaunchTests.swift in Sources */,
				E95D0B46299FD27A001C31F4 /* LeBonCoinUITests.swift in Sources */,
			);
			runOnlyForDeploymentPostprocessing = 0;
		};
/* End PBXSourcesBuildPhase section */

/* Begin PBXTargetDependency section */
		E95D0B39299FD27A001C31F4 /* PBXTargetDependency */ = {
			isa = PBXTargetDependency;
			target = E95D0B20299FD278001C31F4 /* LeBonCoin */;
			targetProxy = E95D0B38299FD27A001C31F4 /* PBXContainerItemProxy */;
		};
		E95D0B43299FD27A001C31F4 /* PBXTargetDependency */ = {
			isa = PBXTargetDependency;
			target = E95D0B20299FD278001C31F4 /* LeBonCoin */;
			targetProxy = E95D0B42299FD27A001C31F4 /* PBXContainerItemProxy */;
		};
/* End PBXTargetDependency section */

/* Begin PBXVariantGroup section */
		E95D0B2F299FD279001C31F4 /* LaunchScreen.storyboard */ = {
			isa = PBXVariantGroup;
			children = (
				E95D0B30299FD279001C31F4 /* Base */,
				E9138CA329A7D9F20047026E /* fr */,
			);
			name = LaunchScreen.storyboard;
			sourceTree = "<group>";
		};
/* End PBXVariantGroup section */

/* Begin XCBuildConfiguration section */
		E95D0B49299FD27A001C31F4 /* Debug */ = {
			isa = XCBuildConfiguration;
			buildSettings = {
				ALWAYS_SEARCH_USER_PATHS = NO;
				CLANG_ANALYZER_LOCALIZABILITY_NONLOCALIZED = YES;
				CLANG_ANALYZER_NONNULL = YES;
				CLANG_ANALYZER_NUMBER_OBJECT_CONVERSION = YES_AGGRESSIVE;
				CLANG_CXX_LANGUAGE_STANDARD = "gnu++20";
				CLANG_ENABLE_MODULES = YES;
				CLANG_ENABLE_OBJC_ARC = YES;
				CLANG_ENABLE_OBJC_WEAK = YES;
				CLANG_WARN_BLOCK_CAPTURE_AUTORELEASING = YES;
				CLANG_WARN_BOOL_CONVERSION = YES;
				CLANG_WARN_COMMA = YES;
				CLANG_WARN_CONSTANT_CONVERSION = YES;
				CLANG_WARN_DEPRECATED_OBJC_IMPLEMENTATIONS = YES;
				CLANG_WARN_DIRECT_OBJC_ISA_USAGE = YES_ERROR;
				CLANG_WARN_DOCUMENTATION_COMMENTS = YES;
				CLANG_WARN_EMPTY_BODY = YES;
				CLANG_WARN_ENUM_CONVERSION = YES;
				CLANG_WARN_INFINITE_RECURSION = YES;
				CLANG_WARN_INT_CONVERSION = YES;
				CLANG_WARN_NON_LITERAL_NULL_CONVERSION = YES;
				CLANG_WARN_OBJC_IMPLICIT_RETAIN_SELF = YES;
				CLANG_WARN_OBJC_LITERAL_CONVERSION = YES;
				CLANG_WARN_OBJC_ROOT_CLASS = YES_ERROR;
				CLANG_WARN_QUOTED_INCLUDE_IN_FRAMEWORK_HEADER = YES;
				CLANG_WARN_RANGE_LOOP_ANALYSIS = YES;
				CLANG_WARN_STRICT_PROTOTYPES = YES;
				CLANG_WARN_SUSPICIOUS_MOVE = YES;
				CLANG_WARN_UNGUARDED_AVAILABILITY = YES_AGGRESSIVE;
				CLANG_WARN_UNREACHABLE_CODE = YES;
				CLANG_WARN__DUPLICATE_METHOD_MATCH = YES;
				COPY_PHASE_STRIP = NO;
				DEBUG_INFORMATION_FORMAT = dwarf;
				ENABLE_STRICT_OBJC_MSGSEND = YES;
				ENABLE_TESTABILITY = YES;
				GCC_C_LANGUAGE_STANDARD = gnu11;
				GCC_DYNAMIC_NO_PIC = NO;
				GCC_NO_COMMON_BLOCKS = YES;
				GCC_OPTIMIZATION_LEVEL = 0;
				GCC_PREPROCESSOR_DEFINITIONS = (
					"DEBUG=1",
					"$(inherited)",
				);
				GCC_WARN_64_TO_32_BIT_CONVERSION = YES;
				GCC_WARN_ABOUT_RETURN_TYPE = YES_ERROR;
				GCC_WARN_UNDECLARED_SELECTOR = YES;
				GCC_WARN_UNINITIALIZED_AUTOS = YES_AGGRESSIVE;
				GCC_WARN_UNUSED_FUNCTION = YES;
				GCC_WARN_UNUSED_VARIABLE = YES;
				IPHONEOS_DEPLOYMENT_TARGET = 14.0;
				MTL_ENABLE_DEBUG_INFO = INCLUDE_SOURCE;
				MTL_FAST_MATH = YES;
				ONLY_ACTIVE_ARCH = YES;
				SDKROOT = iphoneos;
				SWIFT_ACTIVE_COMPILATION_CONDITIONS = DEBUG;
				SWIFT_OPTIMIZATION_LEVEL = "-Onone";
			};
			name = Debug;
		};
		E95D0B4A299FD27A001C31F4 /* Release */ = {
			isa = XCBuildConfiguration;
			buildSettings = {
				ALWAYS_SEARCH_USER_PATHS = NO;
				CLANG_ANALYZER_LOCALIZABILITY_NONLOCALIZED = YES;
				CLANG_ANALYZER_NONNULL = YES;
				CLANG_ANALYZER_NUMBER_OBJECT_CONVERSION = YES_AGGRESSIVE;
				CLANG_CXX_LANGUAGE_STANDARD = "gnu++20";
				CLANG_ENABLE_MODULES = YES;
				CLANG_ENABLE_OBJC_ARC = YES;
				CLANG_ENABLE_OBJC_WEAK = YES;
				CLANG_WARN_BLOCK_CAPTURE_AUTORELEASING = YES;
				CLANG_WARN_BOOL_CONVERSION = YES;
				CLANG_WARN_COMMA = YES;
				CLANG_WARN_CONSTANT_CONVERSION = YES;
				CLANG_WARN_DEPRECATED_OBJC_IMPLEMENTATIONS = YES;
				CLANG_WARN_DIRECT_OBJC_ISA_USAGE = YES_ERROR;
				CLANG_WARN_DOCUMENTATION_COMMENTS = YES;
				CLANG_WARN_EMPTY_BODY = YES;
				CLANG_WARN_ENUM_CONVERSION = YES;
				CLANG_WARN_INFINITE_RECURSION = YES;
				CLANG_WARN_INT_CONVERSION = YES;
				CLANG_WARN_NON_LITERAL_NULL_CONVERSION = YES;
				CLANG_WARN_OBJC_IMPLICIT_RETAIN_SELF = YES;
				CLANG_WARN_OBJC_LITERAL_CONVERSION = YES;
				CLANG_WARN_OBJC_ROOT_CLASS = YES_ERROR;
				CLANG_WARN_QUOTED_INCLUDE_IN_FRAMEWORK_HEADER = YES;
				CLANG_WARN_RANGE_LOOP_ANALYSIS = YES;
				CLANG_WARN_STRICT_PROTOTYPES = YES;
				CLANG_WARN_SUSPICIOUS_MOVE = YES;
				CLANG_WARN_UNGUARDED_AVAILABILITY = YES_AGGRESSIVE;
				CLANG_WARN_UNREACHABLE_CODE = YES;
				CLANG_WARN__DUPLICATE_METHOD_MATCH = YES;
				COPY_PHASE_STRIP = NO;
				DEBUG_INFORMATION_FORMAT = "dwarf-with-dsym";
				ENABLE_NS_ASSERTIONS = NO;
				ENABLE_STRICT_OBJC_MSGSEND = YES;
				GCC_C_LANGUAGE_STANDARD = gnu11;
				GCC_NO_COMMON_BLOCKS = YES;
				GCC_WARN_64_TO_32_BIT_CONVERSION = YES;
				GCC_WARN_ABOUT_RETURN_TYPE = YES_ERROR;
				GCC_WARN_UNDECLARED_SELECTOR = YES;
				GCC_WARN_UNINITIALIZED_AUTOS = YES_AGGRESSIVE;
				GCC_WARN_UNUSED_FUNCTION = YES;
				GCC_WARN_UNUSED_VARIABLE = YES;
				IPHONEOS_DEPLOYMENT_TARGET = 14.0;
				MTL_ENABLE_DEBUG_INFO = NO;
				MTL_FAST_MATH = YES;
				SDKROOT = iphoneos;
				SWIFT_COMPILATION_MODE = wholemodule;
				SWIFT_OPTIMIZATION_LEVEL = "-O";
				VALIDATE_PRODUCT = YES;
			};
			name = Release;
		};
		E95D0B4C299FD27A001C31F4 /* Debug */ = {
			isa = XCBuildConfiguration;
			buildSettings = {
				ASSETCATALOG_COMPILER_APPICON_NAME = AppIcon;
				ASSETCATALOG_COMPILER_GLOBAL_ACCENT_COLOR_NAME = AccentColor;
				CODE_SIGN_STYLE = Automatic;
				CURRENT_PROJECT_VERSION = 1;
				DEVELOPMENT_TEAM = UP2A3RVFX4;
				GENERATE_INFOPLIST_FILE = YES;
				INFOPLIST_FILE = LeBonCoin/Info.plist;
				INFOPLIST_KEY_UIApplicationSupportsIndirectInputEvents = YES;
				INFOPLIST_KEY_UILaunchStoryboardName = LaunchScreen;
				INFOPLIST_KEY_UISupportedInterfaceOrientations = "UIInterfaceOrientationLandscapeLeft UIInterfaceOrientationLandscapeRight UIInterfaceOrientationPortrait";
				INFOPLIST_KEY_UISupportedInterfaceOrientations_iPad = "UIInterfaceOrientationLandscapeLeft UIInterfaceOrientationLandscapeRight UIInterfaceOrientationPortrait UIInterfaceOrientationPortraitUpsideDown";
				IPHONEOS_DEPLOYMENT_TARGET = 14.0;
				LD_RUNPATH_SEARCH_PATHS = (
					"$(inherited)",
					"@executable_path/Frameworks",
				);
				MARKETING_VERSION = 1.0;
				PRODUCT_BUNDLE_IDENTIFIER = com.swifthings.LeBonCoin;
				PRODUCT_NAME = "$(TARGET_NAME)";
				SUPPORTED_PLATFORMS = "iphoneos iphonesimulator";
				SUPPORTS_MACCATALYST = NO;
				SUPPORTS_MAC_DESIGNED_FOR_IPHONE_IPAD = NO;
				SWIFT_EMIT_LOC_STRINGS = YES;
				SWIFT_VERSION = 5.0;
				TARGETED_DEVICE_FAMILY = "1,2";
			};
			name = Debug;
		};
		E95D0B4D299FD27A001C31F4 /* Release */ = {
			isa = XCBuildConfiguration;
			buildSettings = {
				ASSETCATALOG_COMPILER_APPICON_NAME = AppIcon;
				ASSETCATALOG_COMPILER_GLOBAL_ACCENT_COLOR_NAME = AccentColor;
				CODE_SIGN_STYLE = Automatic;
				CURRENT_PROJECT_VERSION = 1;
				DEVELOPMENT_TEAM = UP2A3RVFX4;
				GENERATE_INFOPLIST_FILE = YES;
				INFOPLIST_FILE = LeBonCoin/Info.plist;
				INFOPLIST_KEY_UIApplicationSupportsIndirectInputEvents = YES;
				INFOPLIST_KEY_UILaunchStoryboardName = LaunchScreen;
				INFOPLIST_KEY_UISupportedInterfaceOrientations = "UIInterfaceOrientationLandscapeLeft UIInterfaceOrientationLandscapeRight UIInterfaceOrientationPortrait";
				INFOPLIST_KEY_UISupportedInterfaceOrientations_iPad = "UIInterfaceOrientationLandscapeLeft UIInterfaceOrientationLandscapeRight UIInterfaceOrientationPortrait UIInterfaceOrientationPortraitUpsideDown";
				IPHONEOS_DEPLOYMENT_TARGET = 14.0;
				LD_RUNPATH_SEARCH_PATHS = (
					"$(inherited)",
					"@executable_path/Frameworks",
				);
				MARKETING_VERSION = 1.0;
				PRODUCT_BUNDLE_IDENTIFIER = com.swifthings.LeBonCoin;
				PRODUCT_NAME = "$(TARGET_NAME)";
				SUPPORTED_PLATFORMS = "iphoneos iphonesimulator";
				SUPPORTS_MACCATALYST = NO;
				SUPPORTS_MAC_DESIGNED_FOR_IPHONE_IPAD = NO;
				SWIFT_EMIT_LOC_STRINGS = YES;
				SWIFT_VERSION = 5.0;
				TARGETED_DEVICE_FAMILY = "1,2";
			};
			name = Release;
		};
		E95D0B4F299FD27A001C31F4 /* Debug */ = {
			isa = XCBuildConfiguration;
			buildSettings = {
				ALWAYS_EMBED_SWIFT_STANDARD_LIBRARIES = YES;
				BUNDLE_LOADER = "$(TEST_HOST)";
				CODE_SIGN_STYLE = Automatic;
				CURRENT_PROJECT_VERSION = 1;
				DEVELOPMENT_TEAM = UP2A3RVFX4;
				GENERATE_INFOPLIST_FILE = YES;
				IPHONEOS_DEPLOYMENT_TARGET = 14.0;
				MARKETING_VERSION = 1.0;
				PRODUCT_BUNDLE_IDENTIFIER = com.swifthings.LeBonCoinTests;
				PRODUCT_NAME = "$(TARGET_NAME)";
				SWIFT_EMIT_LOC_STRINGS = NO;
				SWIFT_VERSION = 5.0;
				TARGETED_DEVICE_FAMILY = "1,2";
				TEST_HOST = "$(BUILT_PRODUCTS_DIR)/LeBonCoin.app/$(BUNDLE_EXECUTABLE_FOLDER_PATH)/LeBonCoin";
			};
			name = Debug;
		};
		E95D0B50299FD27A001C31F4 /* Release */ = {
			isa = XCBuildConfiguration;
			buildSettings = {
				ALWAYS_EMBED_SWIFT_STANDARD_LIBRARIES = YES;
				BUNDLE_LOADER = "$(TEST_HOST)";
				CODE_SIGN_STYLE = Automatic;
				CURRENT_PROJECT_VERSION = 1;
				DEVELOPMENT_TEAM = UP2A3RVFX4;
				GENERATE_INFOPLIST_FILE = YES;
				IPHONEOS_DEPLOYMENT_TARGET = 14.0;
				MARKETING_VERSION = 1.0;
				PRODUCT_BUNDLE_IDENTIFIER = com.swifthings.LeBonCoinTests;
				PRODUCT_NAME = "$(TARGET_NAME)";
				SWIFT_EMIT_LOC_STRINGS = NO;
				SWIFT_VERSION = 5.0;
				TARGETED_DEVICE_FAMILY = "1,2";
				TEST_HOST = "$(BUILT_PRODUCTS_DIR)/LeBonCoin.app/$(BUNDLE_EXECUTABLE_FOLDER_PATH)/LeBonCoin";
			};
			name = Release;
		};
		E95D0B52299FD27A001C31F4 /* Debug */ = {
			isa = XCBuildConfiguration;
			buildSettings = {
				ALWAYS_EMBED_SWIFT_STANDARD_LIBRARIES = YES;
				CODE_SIGN_STYLE = Automatic;
				CURRENT_PROJECT_VERSION = 1;
				DEVELOPMENT_TEAM = UP2A3RVFX4;
				GENERATE_INFOPLIST_FILE = YES;
				MARKETING_VERSION = 1.0;
				PRODUCT_BUNDLE_IDENTIFIER = com.swifthings.LeBonCoinUITests;
				PRODUCT_NAME = "$(TARGET_NAME)";
				SWIFT_EMIT_LOC_STRINGS = NO;
				SWIFT_VERSION = 5.0;
				TARGETED_DEVICE_FAMILY = "1,2";
				TEST_TARGET_NAME = LeBonCoin;
			};
			name = Debug;
		};
		E95D0B53299FD27A001C31F4 /* Release */ = {
			isa = XCBuildConfiguration;
			buildSettings = {
				ALWAYS_EMBED_SWIFT_STANDARD_LIBRARIES = YES;
				CODE_SIGN_STYLE = Automatic;
				CURRENT_PROJECT_VERSION = 1;
				DEVELOPMENT_TEAM = UP2A3RVFX4;
				GENERATE_INFOPLIST_FILE = YES;
				MARKETING_VERSION = 1.0;
				PRODUCT_BUNDLE_IDENTIFIER = com.swifthings.LeBonCoinUITests;
				PRODUCT_NAME = "$(TARGET_NAME)";
				SWIFT_EMIT_LOC_STRINGS = NO;
				SWIFT_VERSION = 5.0;
				TARGETED_DEVICE_FAMILY = "1,2";
				TEST_TARGET_NAME = LeBonCoin;
			};
			name = Release;
		};
/* End XCBuildConfiguration section */

/* Begin XCConfigurationList section */
		E95D0B1C299FD278001C31F4 /* Build configuration list for PBXProject "LeBonCoin" */ = {
			isa = XCConfigurationList;
			buildConfigurations = (
				E95D0B49299FD27A001C31F4 /* Debug */,
				E95D0B4A299FD27A001C31F4 /* Release */,
			);
			defaultConfigurationIsVisible = 0;
			defaultConfigurationName = Release;
		};
		E95D0B4B299FD27A001C31F4 /* Build configuration list for PBXNativeTarget "LeBonCoin" */ = {
			isa = XCConfigurationList;
			buildConfigurations = (
				E95D0B4C299FD27A001C31F4 /* Debug */,
				E95D0B4D299FD27A001C31F4 /* Release */,
			);
			defaultConfigurationIsVisible = 0;
			defaultConfigurationName = Release;
		};
		E95D0B4E299FD27A001C31F4 /* Build configuration list for PBXNativeTarget "LeBonCoinTests" */ = {
			isa = XCConfigurationList;
			buildConfigurations = (
				E95D0B4F299FD27A001C31F4 /* Debug */,
				E95D0B50299FD27A001C31F4 /* Release */,
			);
			defaultConfigurationIsVisible = 0;
			defaultConfigurationName = Release;
		};
		E95D0B51299FD27A001C31F4 /* Build configuration list for PBXNativeTarget "LeBonCoinUITests" */ = {
			isa = XCConfigurationList;
			buildConfigurations = (
				E95D0B52299FD27A001C31F4 /* Debug */,
				E95D0B53299FD27A001C31F4 /* Release */,
			);
			defaultConfigurationIsVisible = 0;
			defaultConfigurationName = Release;
		};
/* End XCConfigurationList section */
	};
	rootObject = E95D0B19299FD278001C31F4 /* Project object */;
}
